
Microsoft Visual Studio Solution File, Format Version 12.00
# Visual Studio Version 17
VisualStudioVersion = 17.9.34310.174
MinimumVisualStudioVersion = 10.0.40219.1
Project("{FAE04EC0-301F-11D3-BF4B-00C04F79EFBC}") = "RemoveItemMods", "RemoveItemMods.csproj", "{5AFCEF66-97E1-45CF-8B4F-89CBE514009B}"
EndProject
Global
	GlobalSection(SolutionConfigurationPlatforms) = preSolution
		Debug|Any CPU = Debug|Any CPU
		Release|Any CPU = Release|Any CPU
	EndGlobalSection
	GlobalSection(ProjectConfigurationPlatforms) = postSolution
		{5AFCEF66-97E1-45CF-8B4F-89CBE514009B}.Debug|Any CPU.ActiveCfg = Debug|Any CPU
		{5AFCEF66-97E1-45CF-8B4F-89CBE514009B}.Debug|Any CPU.Build.0 = Debug|Any CPU
		{5AFCEF66-97E1-45CF-8B4F-89CBE514009B}.Release|Any CPU.ActiveCfg = Release|Any CPU
		{5AFCEF66-97E1-45CF-8B4F-89CBE514009B}.Release|Any CPU.Build.0 = Release|Any CPU
	EndGlobalSection
	GlobalSection(SolutionProperties) = preSolution
		HideSolutionNode = FALSE
	EndGlobalSection
	GlobalSection(ExtensibilityGlobals) = postSolution
		SolutionGuid = {FC131DFA-0163-40F7-8F8C-BE06454EE614}
	EndGlobalSection
EndGlobal
